
Microsoft Visual Studio Solution File, Format Version 12.00
# Visual Studio 15
Project("{FAE04EC0-301F-11D3-BF4B-00C04F79EFBC}") = "Assembly-CSharp-Editor", "Assembly-CSharp-Editor.csproj", "{3D7A691A-3CB0-E6DE-AFA1-6D9829C101F6}"
EndProject
Project("{FAE04EC0-301F-11D3-BF4B-00C04F79EFBC}") = "Assembly-CSharp", "Assembly-CSharp.csproj", "{0CC5FDE7-861D-AF5F-2164-04DA85E63C0B}"
EndProject
Global
	GlobalSection(SolutionConfigurationPlatforms) = preSolution
		Debug|Any CPU = Debug|Any CPU
		Release|Any CPU = Release|Any CPU
	EndGlobalSection
	GlobalSection(ProjectConfigurationPlatforms) = postSolution
		{3D7A691A-3CB0-E6DE-AFA1-6D9829C101F6}.Debug|Any CPU.ActiveCfg = Debug|Any CPU
		{3D7A691A-3CB0-E6DE-AFA1-6D9829C101F6}.Debug|Any CPU.Build.0 = Debug|Any CPU
		{3D7A691A-3CB0-E6DE-AFA1-6D9829C101F6}.Release|Any CPU.ActiveCfg = Release|Any CPU
		{3D7A691A-3CB0-E6DE-AFA1-6D9829C101F6}.Release|Any CPU.Build.0 = Release|Any CPU
		{0CC5FDE7-861D-AF5F-2164-04DA85E63C0B}.Debug|Any CPU.ActiveCfg = Debug|Any CPU
		{0CC5FDE7-861D-AF5F-2164-04DA85E63C0B}.Debug|Any CPU.Build.0 = Debug|Any CPU
		{0CC5FDE7-861D-AF5F-2164-04DA85E63C0B}.Release|Any CPU.ActiveCfg = Release|Any CPU
		{0CC5FDE7-861D-AF5F-2164-04DA85E63C0B}.Release|Any CPU.Build.0 = Release|Any CPU
	EndGlobalSection
	GlobalSection(SolutionProperties) = preSolution
		HideSolutionNode = FALSE
	EndGlobalSection
EndGlobal
